// !$*UTF8*$!
{
	archiveVersion = 1;
	classes = {
	};
	objectVersion = 50;
	objects = {

/* Begin PBXBuildFile section */
		B9729FB023464ACD00D76B4F /* AppDelegate.swift in Sources */ = {isa = PBXBuildFile; fileRef = B9729FAF23464ACD00D76B4F /* AppDelegate.swift */; };
		B9729FB223464ACD00D76B4F /* ViewController.swift in Sources */ = {isa = PBXBuildFile; fileRef = B9729FB123464ACD00D76B4F /* ViewController.swift */; };
		B9729FB523464ACD00D76B4F /* Main.storyboard in Resources */ = {isa = PBXBuildFile; fileRef = B9729FB323464ACD00D76B4F /* Main.storyboard */; };
		B9729FB723464AD200D76B4F /* Assets.xcassets in Resources */ = {isa = PBXBuildFile; fileRef = B9729FB623464AD200D76B4F /* Assets.xcassets */; };
		B9729FBA23464AD200D76B4F /* LaunchScreen.storyboard in Resources */ = {isa = PBXBuildFile; fileRef = B9729FB823464AD200D76B4F /* LaunchScreen.storyboard */; };
		B9729FC22346509900D76B4F /* Board.swift in Sources */ = {isa = PBXBuildFile; fileRef = B9729FC12346509900D76B4F /* Board.swift */; };
		B9729FC4234650AE00D76B4F /* Player.swift in Sources */ = {isa = PBXBuildFile; fileRef = B9729FC3234650AE00D76B4F /* Player.swift */; };
		B9729FC6234650C100D76B4F /* Move.swift in Sources */ = {isa = PBXBuildFile; fileRef = B9729FC5234650C100D76B4F /* Move.swift */; };
/* End PBXBuildFile section */

/* Begin PBXFileReference section */
		B9729FAC23464ACC00D76B4F /* FourInARow2D.app */ = {isa = PBXFileReference; explicitFileType = wrapper.application; includeInIndex = 0; path = FourInARow2D.app; sourceTree = BUILT_PRODUCTS_DIR; };
		B9729FAF23464ACD00D76B4F /* AppDelegate.swift */ = {isa = PBXFileReference; lastKnownFileType = sourcecode.swift; path = AppDelegate.swift; sourceTree = "<group>"; };
		B9729FB123464ACD00D76B4F /* ViewController.swift */ = {isa = PBXFileReference; lastKnownFileType = sourcecode.swift; path = ViewController.swift; sourceTree = "<group>"; };
		B9729FB423464ACD00D76B4F /* Base */ = {isa = PBXFileReference; lastKnownFileType = file.storyboard; name = Base; path = Base.lproj/Main.storyboard; sourceTree = "<group>"; };
		B9729FB623464AD200D76B4F /* Assets.xcassets */ = {isa = PBXFileReference; lastKnownFileType = folder.assetcatalog; path = Assets.xcassets; sourceTree = "<group>"; };
		B9729FB923464AD200D76B4F /* Base */ = {isa = PBXFileReference; lastKnownFileType = file.storyboard; name = Base; path = Base.lproj/LaunchScreen.storyboard; sourceTree = "<group>"; };
		B9729FBB23464AD200D76B4F /* Info.plist */ = {isa = PBXFileReference; lastKnownFileType = text.plist.xml; path = Info.plist; sourceTree = "<group>"; };
		B9729FC12346509900D76B4F /* Board.swift */ = {isa = PBXFileReference; lastKnownFileType = sourcecode.swift; path = Board.swift; sourceTree = "<group>"; };
		B9729FC3234650AE00D76B4F /* Player.swift */ = {isa = PBXFileReference; lastKnownFileType = sourcecode.swift; path = Player.swift; sourceTree = "<group>"; };
		B9729FC5234650C100D76B4F /* Move.swift */ = {isa = PBXFileReference; lastKnownFileType = sourcecode.swift; path = Move.swift; sourceTree = "<group>"; };
/* End PBXFileReference section */

/* Begin PBXFrameworksBuildPhase section */
		B9729FA923464ACC00D76B4F /* Frameworks */ = {
			isa = PBXFrameworksBuildPhase;
			buildActionMask = 2147483647;
			files = (
			);
			runOnlyForDeploymentPostprocessing = 0;
		};
/* End PBXFrameworksBuildPhase section */

/* Begin PBXGroup section */
		B9729FA323464ACC00D76B4F = {
			isa = PBXGroup;
			children = (
				B9729FAE23464ACC00D76B4F /* FourInARow2D */,
				B9729FAD23464ACC00D76B4F /* Products */,
			);
			sourceTree = "<group>";
		};
		B9729FAD23464ACC00D76B4F /* Products */ = {
			isa = PBXGroup;
			children = (
				B9729FAC23464ACC00D76B4F /* FourInARow2D.app */,
			);
			name = Products;
			sourceTree = "<group>";
		};
		B9729FAE23464ACC00D76B4F /* FourInARow2D */ = {
			isa = PBXGroup;
			children = (
				B9729FAF23464ACD00D76B4F /* AppDelegate.swift */,
				B9729FB123464ACD00D76B4F /* ViewController.swift */,
				B9729FC12346509900D76B4F /* Board.swift */,
				B9729FC3234650AE00D76B4F /* Player.swift */,
				B9729FC5234650C100D76B4F /* Move.swift */,
				B9729FB323464ACD00D76B4F /* Main.storyboard */,
				B9729FB623464AD200D76B4F /* Assets.xcassets */,
				B9729FB823464AD200D76B4F /* LaunchScreen.storyboard */,
				B9729FBB23464AD200D76B4F /* Info.plist */,
			);
			path = FourInARow2D;
			sourceTree = "<group>";
		};
/* End PBXGroup section */

/* Begin PBXNativeTarget section */
		B9729FAB23464ACC00D76B4F /* FourInARow2D */ = {
			isa = PBXNativeTarget;
			buildConfigurationList = B9729FBE23464AD200D76B4F /* Build configuration list for PBXNativeTarget "FourInARow2D" */;
			buildPhases = (
				B9729FA823464ACC00D76B4F /* Sources */,
				B9729FA923464ACC00D76B4F /* Frameworks */,
				B9729FAA23464ACC00D76B4F /* Resources */,
			);
			buildRules = (
			);
			dependencies = (
			);
			name = FourInARow2D;
			productName = FourInARow2D;
			productReference = B9729FAC23464ACC00D76B4F /* FourInARow2D.app */;
			productType = "com.apple.product-type.application";
		};
/* End PBXNativeTarget section */

/* Begin PBXProject section */
		B9729FA423464ACC00D76B4F /* Project object */ = {
			isa = PBXProject;
			attributes = {
				LastSwiftUpdateCheck = 1030;
				LastUpgradeCheck = 1030;
				ORGANIZATIONNAME = "slava bily";
				TargetAttributes = {
					B9729FAB23464ACC00D76B4F = {
						CreatedOnToolsVersion = 10.3;
					};
				};
			};
			buildConfigurationList = B9729FA723464ACC00D76B4F /* Build configuration list for PBXProject "FourInARow2D" */;
			compatibilityVersion = "Xcode 9.3";
			developmentRegion = en;
			hasScannedForEncodings = 0;
			knownRegions = (
				en,
				Base,
			);
			mainGroup = B9729FA323464ACC00D76B4F;
			productRefGroup = B9729FAD23464ACC00D76B4F /* Products */;
			projectDirPath = "";
			projectRoot = "";
			targets = (
				B9729FAB23464ACC00D76B4F /* FourInARow2D */,
			);
		};
/* End PBXProject section */

/* Begin PBXResourcesBuildPhase section */
		B9729FAA23464ACC00D76B4F /* Resources */ = {
			isa = PBXResourcesBuildPhase;
			buildActionMask = 2147483647;
			files = (
				B9729FBA23464AD200D76B4F /* LaunchScreen.storyboard in Resources */,
				B9729FB723464AD200D76B4F /* Assets.xcassets in Resources */,
				B9729FB523464ACD00D76B4F /* Main.storyboard in Resources */,
			);
			runOnlyForDeploymentPostprocessing = 0;
		};
/* End PBXResourcesBuildPhase section */

/* Begin PBXSourcesBuildPhase section */
		B9729FA823464ACC00D76B4F /* Sources */ = {
			isa = PBXSourcesBuildPhase;
			buildActionMask = 2147483647;
			files = (
				B9729FC6234650C100D76B4F /* Move.swift in Sources */,
				B9729FC4234650AE00D76B4F /* Player.swift in Sources */,
				B9729FB223464ACD00D76B4F /* ViewController.swift in Sources */,
				B9729FB023464ACD00D76B4F /* AppDelegate.swift in Sources */,
				B9729FC22346509900D76B4F /* Board.swift in Sources */,
			);
			runOnlyForDeploymentPostprocessing = 0;
		};
/* End PBXSourcesBuildPhase section */

/* Begin PBXVariantGroup section */
		B9729FB323464ACD00D76B4F /* Main.storyboard */ = {
			isa = PBXVariantGroup;
			children = (
				B9729FB423464ACD00D76B4F /* Base */,
			);
			name = Main.storyboard;
			sourceTree = "<group>";
		};
		B9729FB823464AD200D76B4F /* LaunchScreen.storyboard */ = {
			isa = PBXVariantGroup;
			children = (
				B9729FB923464AD200D76B4F /* Base */,
			);
			name = LaunchScreen.storyboard;
			sourceTree = "<group>";
		};
/* End PBXVariantGroup section */

/* Begin XCBuildConfiguration section */
		B9729FBC23464AD200D76B4F /* Debug */ = {
			isa = XCBuildConfiguration;
			buildSettings = {
				ALWAYS_SEARCH_USER_PATHS = NO;
				CLANG_ANALYZER_NONNULL = YES;
				CLANG_ANALYZER_NUMBER_OBJECT_CONVERSION = YES_AGGRESSIVE;
				CLANG_CXX_LANGUAGE_STANDARD = "gnu++14";
				CLANG_CXX_LIBRARY = "libc++";
				CLANG_ENABLE_MODULES = YES;
				CLANG_ENABLE_OBJC_ARC = YES;
				CLANG_ENABLE_OBJC_WEAK = YES;
				CLANG_WARN_BLOCK_CAPTURE_AUTORELEASING = YES;
				CLANG_WARN_BOOL_CONVERSION = YES;
				CLANG_WARN_COMMA = YES;
				CLANG_WARN_CONSTANT_CONVERSION = YES;
				CLANG_WARN_DEPRECATED_OBJC_IMPLEMENTATIONS = YES;
				CLANG_WARN_DIRECT_OBJC_ISA_USAGE = YES_ERROR;
				CLANG_WARN_DOCUMENTATION_COMMENTS = YES;
				CLANG_WARN_EMPTY_BODY = YES;
				CLANG_WARN_ENUM_CONVERSION = YES;
				CLANG_WARN_INFINITE_RECURSION = YES;
				CLANG_WARN_INT_CONVERSION = YES;
				CLANG_WARN_NON_LITERAL_NULL_CONVERSION = YES;
				CLANG_WARN_OBJC_IMPLICIT_RETAIN_SELF = YES;
				CLANG_WARN_OBJC_LITERAL_CONVERSION = YES;
				CLANG_WARN_OBJC_ROOT_CLASS = YES_ERROR;
				CLANG_WARN_RANGE_LOOP_ANALYSIS = YES;
				CLANG_WARN_STRICT_PROTOTYPES = YES;
				CLANG_WARN_SUSPICIOUS_MOVE = YES;
				CLANG_WARN_UNGUARDED_AVAILABILITY = YES_AGGRESSIVE;
				CLANG_WARN_UNREACHABLE_CODE = YES;
				CLANG_WARN__DUPLICATE_METHOD_MATCH = YES;
				CODE_SIGN_IDENTITY = "iPhone Developer";
				COPY_PHASE_STRIP = NO;
				DEBUG_INFORMATION_FORMAT = dwarf;
				ENABLE_STRICT_OBJC_MSGSEND = YES;
				ENABLE_TESTABILITY = YES;
				GCC_C_LANGUAGE_STANDARD = gnu11;
				GCC_DYNAMIC_NO_PIC = NO;
				GCC_NO_COMMON_BLOCKS = YES;
				GCC_OPTIMIZATION_LEVEL = 0;
				GCC_PREPROCESSOR_DEFINITIONS = (
					"DEBUG=1",
					"$(inherited)",
				);
				GCC_WARN_64_TO_32_BIT_CONVERSION = YES;
				GCC_WARN_ABOUT_RETURN_TYPE = YES_ERROR;
				GCC_WARN_UNDECLARED_SELECTOR = YES;
				GCC_WARN_UNINITIALIZED_AUTOS = YES_AGGRESSIVE;
				GCC_WARN_UNUSED_FUNCTION = YES;
				GCC_WARN_UNUSED_VARIABLE = YES;
				IPHONEOS_DEPLOYMENT_TARGET = 12.4;
				MTL_ENABLE_DEBUG_INFO = INCLUDE_SOURCE;
				MTL_FAST_MATH = YES;
				ONLY_ACTIVE_ARCH = YES;
				SDKROOT = iphoneos;
				SWIFT_ACTIVE_COMPILATION_CONDITIONS = DEBUG;
				SWIFT_OPTIMIZATION_LEVEL = "-Onone";
			};
			name = Debug;
		};
		B9729FBD23464AD200D76B4F /* Release */ = {
			isa = XCBuildConfiguration;
			buildSettings = {
				ALWAYS_SEARCH_USER_PATHS = NO;
				CLANG_ANALYZER_NONNULL = YES;
				CLANG_ANALYZER_NUMBER_OBJECT_CONVERSION = YES_AGGRESSIVE;
				CLANG_CXX_LANGUAGE_STANDARD = "gnu++14";
				CLANG_CXX_LIBRARY = "libc++";
				CLANG_ENABLE_MODULES = YES;
				CLANG_ENABLE_OBJC_ARC = YES;
				CLANG_ENABLE_OBJC_WEAK = YES;
				CLANG_WARN_BLOCK_CAPTURE_AUTORELEASING = YES;
				CLANG_WARN_BOOL_CONVERSION = YES;
				CLANG_WARN_COMMA = YES;
				CLANG_WARN_CONSTANT_CONVERSION = YES;
				CLANG_WARN_DEPRECATED_OBJC_IMPLEMENTATIONS = YES;
				CLANG_WARN_DIRECT_OBJC_ISA_USAGE = YES_ERROR;
				CLANG_WARN_DOCUMENTATION_COMMENTS = YES;
				CLANG_WARN_EMPTY_BODY = YES;
				CLANG_WARN_ENUM_CONVERSION = YES;
				CLANG_WARN_INFINITE_RECURSION = YES;
				CLANG_WARN_INT_CONVERSION = YES;
				CLANG_WARN_NON_LITERAL_NULL_CONVERSION = YES;
				CLANG_WARN_OBJC_IMPLICIT_RETAIN_SELF = YES;
				CLANG_WARN_OBJC_LITERAL_CONVERSION = YES;
				CLANG_WARN_OBJC_ROOT_CLASS = YES_ERROR;
				CLANG_WARN_RANGE_LOOP_ANALYSIS = YES;
				CLANG_WARN_STRICT_PROTOTYPES = YES;
				CLANG_WARN_SUSPICIOUS_MOVE = YES;
				CLANG_WARN_UNGUARDED_AVAILABILITY = YES_AGGRESSIVE;
				CLANG_WARN_UNREACHABLE_CODE = YES;
				CLANG_WARN__DUPLICATE_METHOD_MATCH = YES;
				CODE_SIGN_IDENTITY = "iPhone Developer";
				COPY_PHASE_STRIP = NO;
				DEBUG_INFORMATION_FORMAT = "dwarf-with-dsym";
				ENABLE_NS_ASSERTIONS = NO;
				ENABLE_STRICT_OBJC_MSGSEND = YES;
				GCC_C_LANGUAGE_STANDARD = gnu11;
				GCC_NO_COMMON_BLOCKS = YES;
				GCC_WARN_64_TO_32_BIT_CONVERSION = YES;
				GCC_WARN_ABOUT_RETURN_TYPE = YES_ERROR;
				GCC_WARN_UNDECLARED_SELECTOR = YES;
				GCC_WARN_UNINITIALIZED_AUTOS = YES_AGGRESSIVE;
				GCC_WARN_UNUSED_FUNCTION = YES;
				GCC_WARN_UNUSED_VARIABLE = YES;
				IPHONEOS_DEPLOYMENT_TARGET = 12.4;
				MTL_ENABLE_DEBUG_INFO = NO;
				MTL_FAST_MATH = YES;
				SDKROOT = iphoneos;
				SWIFT_COMPILATION_MODE = wholemodule;
				SWIFT_OPTIMIZATION_LEVEL = "-O";
				VALIDATE_PRODUCT = YES;
			};
			name = Release;
		};
		B9729FBF23464AD200D76B4F /* Debug */ = {
			isa = XCBuildConfiguration;
			buildSettings = {
				ASSETCATALOG_COMPILER_APPICON_NAME = AppIcon;
				CODE_SIGN_IDENTITY = "Apple Development";
				CODE_SIGN_STYLE = Automatic;
				DEVELOPMENT_TEAM = L6T2S9K4GS;
				INFOPLIST_FILE = FourInARow2D/Info.plist;
				LD_RUNPATH_SEARCH_PATHS = (
					"$(inherited)",
					"@executable_path/Frameworks",
				);
				PRODUCT_BUNDLE_IDENTIFIER = com.VyacheslavBily.FourInARow2D;
				PRODUCT_NAME = "$(TARGET_NAME)";
				PROVISIONING_PROFILE_SPECIFIER = "";
				SWIFT_VERSION = 5.0;
				TARGETED_DEVICE_FAMILY = "1,2";
			};
			name = Debug;
		};
		B9729FC023464AD200D76B4F /* Release */ = {
			isa = XCBuildConfiguration;
			buildSettings = {
				ASSETCATALOG_COMPILER_APPICON_NAME = AppIcon;
				CODE_SIGN_IDENTITY = "Apple Development";
				CODE_SIGN_STYLE = Automatic;
				DEVELOPMENT_TEAM = L6T2S9K4GS;
				INFOPLIST_FILE = FourInARow2D/Info.plist;
				LD_RUNPATH_SEARCH_PATHS = (
					"$(inherited)",
					"@executable_path/Frameworks",
				);
				PRODUCT_BUNDLE_IDENTIFIER = com.VyacheslavBily.FourInARow2D;
				PRODUCT_NAME = "$(TARGET_NAME)";
				PROVISIONING_PROFILE_SPECIFIER = "";
				SWIFT_VERSION = 5.0;
				TARGETED_DEVICE_FAMILY = "1,2";
			};
			name = Release;
		};
/* End XCBuildConfiguration section */

/* Begin XCConfigurationList section */
		B9729FA723464ACC00D76B4F /* Build configuration list for PBXProject "FourInARow2D" */ = {
			isa = XCConfigurationList;
			buildConfigurations = (
				B9729FBC23464AD200D76B4F /* Debug */,
				B9729FBD23464AD200D76B4F /* Release */,
			);
			defaultConfigurationIsVisible = 0;
			defaultConfigurationName = Release;
		};
		B9729FBE23464AD200D76B4F /* Build configuration list for PBXNativeTarget "FourInARow2D" */ = {
			isa = XCConfigurationList;
			buildConfigurations = (
				B9729FBF23464AD200D76B4F /* Debug */,
				B9729FC023464AD200D76B4F /* Release */,
			);
			defaultConfigurationIsVisible = 0;
			defaultConfigurationName = Release;
		};
/* End XCConfigurationList section */
	};
	rootObject = B9729FA423464ACC00D76B4F /* Project object */;
}
